
Microsoft Visual Studio Solution File, Format Version 12.00
# Visual Studio Version 16
VisualStudioVersion = 16.0.30011.22
MinimumVisualStudioVersion = 10.0.40219.1
Project("{888888A0-9F3D-457C-B088-3A5042F75D52}") = "Task24", "Task24.pyproj", "{9EAF7E5D-BD3B-46F9-888C-B4AC3999070D}"
EndProject
Global
	GlobalSection(SolutionConfigurationPlatforms) = preSolution
		Debug|Any CPU = Debug|Any CPU
		Release|Any CPU = Release|Any CPU
	EndGlobalSection
	GlobalSection(ProjectConfigurationPlatforms) = postSolution
		{9EAF7E5D-BD3B-46F9-888C-B4AC3999070D}.Debug|Any CPU.ActiveCfg = Debug|Any CPU
		{9EAF7E5D-BD3B-46F9-888C-B4AC3999070D}.Release|Any CPU.ActiveCfg = Release|Any CPU
	EndGlobalSection
	GlobalSection(SolutionProperties) = preSolution
		HideSolutionNode = FALSE
	EndGlobalSection
	GlobalSection(ExtensibilityGlobals) = postSolution
		SolutionGuid = {4D68394D-AA29-49E2-AE98-9739FCBA0CC8}
	EndGlobalSection
EndGlobal
